
Microsoft Visual Studio Solution File, Format Version 12.00
# Visual Studio 15
VisualStudioVersion = 15.0.27130.2020
MinimumVisualStudioVersion = 10.0.40219.1
Project("{FAE04EC0-301F-11D3-BF4B-00C04F79EFBC}") = "WpfTest_07_02", "WpfTest_07_02\WpfTest_07_02.csproj", "{4A0E8F92-1518-4A8D-8D74-2E5F8A157B3B}"
EndProject
Global
	GlobalSection(SolutionConfigurationPlatforms) = preSolution
		Debug|Any CPU = Debug|Any CPU
		Release|Any CPU = Release|Any CPU
	EndGlobalSection
	GlobalSection(ProjectConfigurationPlatforms) = postSolution
		{4A0E8F92-1518-4A8D-8D74-2E5F8A157B3B}.Debug|Any CPU.ActiveCfg = Debug|Any CPU
		{4A0E8F92-1518-4A8D-8D74-2E5F8A157B3B}.Debug|Any CPU.Build.0 = Debug|Any CPU
		{4A0E8F92-1518-4A8D-8D74-2E5F8A157B3B}.Release|Any CPU.ActiveCfg = Release|Any CPU
		{4A0E8F92-1518-4A8D-8D74-2E5F8A157B3B}.Release|Any CPU.Build.0 = Release|Any CPU
	EndGlobalSection
	GlobalSection(SolutionProperties) = preSolution
		HideSolutionNode = FALSE
	EndGlobalSection
	GlobalSection(ExtensibilityGlobals) = postSolution
		SolutionGuid = {96DD5E26-EDAB-466B-9A81-A4EE807FA7E3}
	EndGlobalSection
EndGlobal
